github.com/BurntSushi/cmd v0.0.0-20121122232022-d54777ad4400 h1:NxWU+vqPG/W/n+AVQMaV4T2o/YaONlIw8YKaXRUM7PQ=
github.com/BurntSushi/cmd v0.0.0-20121122232022-d54777ad4400/go.mod h1:BLMQWoKoIt/bljIRnnW4ZmiIL+dgLwHYM+7rgJaN+k4=
github.com/BurntSushi/xgb v0.0.0-20160522181843-27f122750802 h1:1BDTz0u9nC3//pOCMdNH+CiXJVYJh5UQNCOBG7jbELc=
github.com/BurntSushi/xgb v0.0.0-20160522181843-27f122750802/go.mod h1:IVnqGOEym/WlBOVXweHU+Q+/VP0lqqI8lqeDx9IjBqo=
github.com/BurntSushi/xgbutil v0.0.0-20190907113008-ad855c713046 h1:O/r2Sj+8QcMF7V5IcmiE2sMFV2q3J47BEirxbXJAdzA=
github.com/BurntSushi/xgbutil v0.0.0-20190907113008-ad855c713046/go.mod h1:uw9h2sd4WWHOPdJ13MQpwK5qYWKYDumDqxWWIknEQ+k=
